
Microsoft Visual Studio Solution File, Format Version 12.00
# Visual Studio 14
VisualStudioVersion = 14.0.23107.0
MinimumVisualStudioVersion = 10.0.40219.1
Project("{2150E333-8FDC-42A3-9474-1A3956D46DE8}") = "Sources", "Sources", "{C76F25F1-95B5-4CC4-9CC2-251205344D7B}"
EndProject
Project("{FAE04EC0-301F-11D3-BF4B-00C04F79EFBC}") = "Alice.Core", "Alice.Core\Alice.Core.csproj", "{58862147-5712-4973-A0F0-BEB2DE16AB75}"
EndProject
Project("{2150E333-8FDC-42A3-9474-1A3956D46DE8}") = "Tests", "Tests", "{64B137D1-3E10-4FA7-A255-D2AAD21B9F44}"
EndProject
Project("{2150E333-8FDC-42A3-9474-1A3956D46DE8}") = "Samples", "Samples", "{D141E1F8-C424-4CA0-B0EF-F1A7397A2506}"
EndProject
Project("{FAE04EC0-301F-11D3-BF4B-00C04F79EFBC}") = "Alice.Wpf", "Alice.Wpf\Alice.Wpf.csproj", "{00AF91D8-BC3A-4F72-9D46-E92BB460E5E1}"
EndProject
Global
	GlobalSection(SolutionConfigurationPlatforms) = preSolution
		Debug|Any CPU = Debug|Any CPU
		Release|Any CPU = Release|Any CPU
	EndGlobalSection
	GlobalSection(ProjectConfigurationPlatforms) = postSolution
		{58862147-5712-4973-A0F0-BEB2DE16AB75}.Debug|Any CPU.ActiveCfg = Debug|Any CPU
		{58862147-5712-4973-A0F0-BEB2DE16AB75}.Debug|Any CPU.Build.0 = Debug|Any CPU
		{58862147-5712-4973-A0F0-BEB2DE16AB75}.Release|Any CPU.ActiveCfg = Release|Any CPU
		{58862147-5712-4973-A0F0-BEB2DE16AB75}.Release|Any CPU.Build.0 = Release|Any CPU
		{00AF91D8-BC3A-4F72-9D46-E92BB460E5E1}.Debug|Any CPU.ActiveCfg = Debug|Any CPU
		{00AF91D8-BC3A-4F72-9D46-E92BB460E5E1}.Debug|Any CPU.Build.0 = Debug|Any CPU
		{00AF91D8-BC3A-4F72-9D46-E92BB460E5E1}.Release|Any CPU.ActiveCfg = Release|Any CPU
		{00AF91D8-BC3A-4F72-9D46-E92BB460E5E1}.Release|Any CPU.Build.0 = Release|Any CPU
	EndGlobalSection
	GlobalSection(SolutionProperties) = preSolution
		HideSolutionNode = FALSE
	EndGlobalSection
	GlobalSection(NestedProjects) = preSolution
		{58862147-5712-4973-A0F0-BEB2DE16AB75} = {C76F25F1-95B5-4CC4-9CC2-251205344D7B}
		{00AF91D8-BC3A-4F72-9D46-E92BB460E5E1} = {C76F25F1-95B5-4CC4-9CC2-251205344D7B}
	EndGlobalSection
EndGlobal
